
Microsoft Visual Studio Solution File, Format Version 12.00
# Visual Studio Version 16
VisualStudioVersion = 16.0.29230.47
MinimumVisualStudioVersion = 10.0.40219.1
Project("{FAE04EC0-301F-11D3-BF4B-00C04F79EFBC}") = "HTTP5101_Bonus_Assignment(2)(3)", "HTTP5101_Bonus_Assignment(2)(3)\HTTP5101_Bonus_Assignment(2)(3).csproj", "{C4339931-05E0-43C8-BB3C-CD33ACFDF243}"
EndProject
Global
	GlobalSection(SolutionConfigurationPlatforms) = preSolution
		Debug|Any CPU = Debug|Any CPU
		Release|Any CPU = Release|Any CPU
	EndGlobalSection
	GlobalSection(ProjectConfigurationPlatforms) = postSolution
		{C4339931-05E0-43C8-BB3C-CD33ACFDF243}.Debug|Any CPU.ActiveCfg = Debug|Any CPU
		{C4339931-05E0-43C8-BB3C-CD33ACFDF243}.Debug|Any CPU.Build.0 = Debug|Any CPU
		{C4339931-05E0-43C8-BB3C-CD33ACFDF243}.Release|Any CPU.ActiveCfg = Release|Any CPU
		{C4339931-05E0-43C8-BB3C-CD33ACFDF243}.Release|Any CPU.Build.0 = Release|Any CPU
	EndGlobalSection
	GlobalSection(SolutionProperties) = preSolution
		HideSolutionNode = FALSE
	EndGlobalSection
	GlobalSection(ExtensibilityGlobals) = postSolution
		SolutionGuid = {6144AB3E-DBE6-4915-87B3-059A55FF1093}
	EndGlobalSection
EndGlobal
